// !$*UTF8*$!
{
	archiveVersion = 1;
	classes = {
	};
	objectVersion = 56;
	objects = {

/* Begin PBXBuildFile section */
		894303272C7ED73100A0EA85 /* NextToGoRacesApp.swift in Sources */ = {isa = PBXBuildFile; fileRef = 894303262C7ED73100A0EA85 /* NextToGoRacesApp.swift */; };
		8943032C2C7ED8FC00A0EA85 /* NextToGoRacesView.swift in Sources */ = {isa = PBXBuildFile; fileRef = 8943032B2C7ED8FC00A0EA85 /* NextToGoRacesView.swift */; };
		8943032E2C7EDD8200A0EA85 /* FilterView.swift in Sources */ = {isa = PBXBuildFile; fileRef = 8943032D2C7EDD8200A0EA85 /* FilterView.swift */; };
		894303302C7EDEF600A0EA85 /* RaceView.swift in Sources */ = {isa = PBXBuildFile; fileRef = 8943032F2C7EDEF600A0EA85 /* RaceView.swift */; };
		898DB7D92C7C29D100042BDE /* RacesServiceTests.swift in Sources */ = {isa = PBXBuildFile; fileRef = 898DB7D82C7C29D100042BDE /* RacesServiceTests.swift */; };
		898DB7DB2C7C29FB00042BDE /* MockNetworkService.swift in Sources */ = {isa = PBXBuildFile; fileRef = 898DB7DA2C7C29FB00042BDE /* MockNetworkService.swift */; };
		898DB7DE2C7C2F0800042BDE /* URLSessionServicesTests.swift in Sources */ = {isa = PBXBuildFile; fileRef = 898DB7DD2C7C2F0800042BDE /* URLSessionServicesTests.swift */; };
		898DB7E02C7C2F3600042BDE /* MockURLSession.swift in Sources */ = {isa = PBXBuildFile; fileRef = 898DB7DF2C7C2F3600042BDE /* MockURLSession.swift */; };
		898DB7E22C7C2F8700042BDE /* MockServiceEndpoint.swift in Sources */ = {isa = PBXBuildFile; fileRef = 898DB7E12C7C2F8700042BDE /* MockServiceEndpoint.swift */; };
		898DB7E42C7C36A300042BDE /* MockRacesManager.swift in Sources */ = {isa = PBXBuildFile; fileRef = 898DB7E32C7C36A200042BDE /* MockRacesManager.swift */; };
		898DB7E72C7C36D800042BDE /* NextToGoRacesViewModelTests.swift in Sources */ = {isa = PBXBuildFile; fileRef = 898DB7E62C7C36D800042BDE /* NextToGoRacesViewModelTests.swift */; };
		89AF859F2C7B6C500005D6E8 /* Assets.xcassets in Resources */ = {isa = PBXBuildFile; fileRef = 89AF859E2C7B6C500005D6E8 /* Assets.xcassets */; };
		89AF85B72C7B6C500005D6E8 /* NextToGoRacesUITests.swift in Sources */ = {isa = PBXBuildFile; fileRef = 89AF85B62C7B6C500005D6E8 /* NextToGoRacesUITests.swift */; };
		89AF85B92C7B6C500005D6E8 /* NextToGoRacesUITestsLaunchTests.swift in Sources */ = {isa = PBXBuildFile; fileRef = 89AF85B82C7B6C500005D6E8 /* NextToGoRacesUITestsLaunchTests.swift */; };
		89AF85EE2C7B79C10005D6E8 /* NetworkServiceProtocol.swift in Sources */ = {isa = PBXBuildFile; fileRef = 89AF85ED2C7B79C10005D6E8 /* NetworkServiceProtocol.swift */; };
		89AF85F02C7B79D70005D6E8 /* ServiceEndpointProtocol.swift in Sources */ = {isa = PBXBuildFile; fileRef = 89AF85EF2C7B79D70005D6E8 /* ServiceEndpointProtocol.swift */; };
		89AF85F22C7B7A1B0005D6E8 /* URLSessionService.swift in Sources */ = {isa = PBXBuildFile; fileRef = 89AF85F12C7B7A1B0005D6E8 /* URLSessionService.swift */; };
		89AF85F42C7B7A430005D6E8 /* NetworkError.swift in Sources */ = {isa = PBXBuildFile; fileRef = 89AF85F32C7B7A430005D6E8 /* NetworkError.swift */; };
		89AF85F72C7B7A580005D6E8 /* BaseResponse.swift in Sources */ = {isa = PBXBuildFile; fileRef = 89AF85F62C7B7A580005D6E8 /* BaseResponse.swift */; };
		89AF85F92C7B7A8C0005D6E8 /* Configs.swift in Sources */ = {isa = PBXBuildFile; fileRef = 89AF85F82C7B7A8C0005D6E8 /* Configs.swift */; };
		89AF85FC2C7B7AE80005D6E8 /* RacesServiceEndpoint.swift in Sources */ = {isa = PBXBuildFile; fileRef = 89AF85FB2C7B7AE80005D6E8 /* RacesServiceEndpoint.swift */; };
		89AF85FE2C7B7AFD0005D6E8 /* RacesService.swift in Sources */ = {isa = PBXBuildFile; fileRef = 89AF85FD2C7B7AFD0005D6E8 /* RacesService.swift */; };
		89AF86002C7B7B120005D6E8 /* Races.swift in Sources */ = {isa = PBXBuildFile; fileRef = 89AF85FF2C7B7B120005D6E8 /* Races.swift */; };
		89AF86022C7B7B410005D6E8 /* RaceSummary.swift in Sources */ = {isa = PBXBuildFile; fileRef = 89AF86012C7B7B410005D6E8 /* RaceSummary.swift */; };
		89AF86062C7B7BC40005D6E8 /* RaceCategoryEnum.swift in Sources */ = {isa = PBXBuildFile; fileRef = 89AF86052C7B7BC40005D6E8 /* RaceCategoryEnum.swift */; };
		89AF86132C7B7E4B0005D6E8 /* UITableViewCell+Extension.swift in Sources */ = {isa = PBXBuildFile; fileRef = 89AF86122C7B7E4B0005D6E8 /* UITableViewCell+Extension.swift */; };
		89AF86162C7B7E9C0005D6E8 /* UITableView+Extension.swift in Sources */ = {isa = PBXBuildFile; fileRef = 89AF86152C7B7E9C0005D6E8 /* UITableView+Extension.swift */; };
		89AF86192C7B803B0005D6E8 /* RacesManager.swift in Sources */ = {isa = PBXBuildFile; fileRef = 89AF86182C7B803B0005D6E8 /* RacesManager.swift */; };
		89AF861C2C7B811A0005D6E8 /* NextToGoRacesViewModel.swift in Sources */ = {isa = PBXBuildFile; fileRef = 89AF861B2C7B811A0005D6E8 /* NextToGoRacesViewModel.swift */; };
		89AF861E2C7B81360005D6E8 /* RaceSummaryViewModel.swift in Sources */ = {isa = PBXBuildFile; fileRef = 89AF861D2C7B81360005D6E8 /* RaceSummaryViewModel.swift */; };
		89AF86212C7B83000005D6E8 /* Gallery.swift in Sources */ = {isa = PBXBuildFile; fileRef = 89AF86202C7B83000005D6E8 /* Gallery.swift */; };
		89AF86252C7B865A0005D6E8 /* UICollectionViewCell+Extension.swift in Sources */ = {isa = PBXBuildFile; fileRef = 89AF86242C7B865A0005D6E8 /* UICollectionViewCell+Extension.swift */; };
		89AF86272C7B86680005D6E8 /* UICollectionView+Extension.swift in Sources */ = {isa = PBXBuildFile; fileRef = 89AF86262C7B86680005D6E8 /* UICollectionView+Extension.swift */; };
		89AF86292C7B86970005D6E8 /* Array+Extensions.swift in Sources */ = {isa = PBXBuildFile; fileRef = 89AF86282C7B86970005D6E8 /* Array+Extensions.swift */; };
		89AF862B2C7C1FB90005D6E8 /* RacesManagerTests.swift in Sources */ = {isa = PBXBuildFile; fileRef = 89AF862A2C7C1FB90005D6E8 /* RacesManagerTests.swift */; };
		89AF862F2C7C20060005D6E8 /* MockRacesService.swift in Sources */ = {isa = PBXBuildFile; fileRef = 89AF862E2C7C20060005D6E8 /* MockRacesService.swift */; };
/* End PBXBuildFile section */

/* Begin PBXContainerItemProxy section */
		89AF85A92C7B6C500005D6E8 /* PBXContainerItemProxy */ = {
			isa = PBXContainerItemProxy;
			containerPortal = 89AF858A2C7B6C4E0005D6E8 /* Project object */;
			proxyType = 1;
			remoteGlobalIDString = 89AF85912C7B6C4E0005D6E8;
			remoteInfo = NextToGoRaces;
		};
		89AF85B32C7B6C500005D6E8 /* PBXContainerItemProxy */ = {
			isa = PBXContainerItemProxy;
			containerPortal = 89AF858A2C7B6C4E0005D6E8 /* Project object */;
			proxyType = 1;
			remoteGlobalIDString = 89AF85912C7B6C4E0005D6E8;
			remoteInfo = NextToGoRaces;
		};
/* End PBXContainerItemProxy section */

/* Begin PBXFileReference section */
		894303262C7ED73100A0EA85 /* NextToGoRacesApp.swift */ = {isa = PBXFileReference; lastKnownFileType = sourcecode.swift; path = NextToGoRacesApp.swift; sourceTree = "<group>"; };
		8943032B2C7ED8FC00A0EA85 /* NextToGoRacesView.swift */ = {isa = PBXFileReference; lastKnownFileType = sourcecode.swift; path = NextToGoRacesView.swift; sourceTree = "<group>"; };
		8943032D2C7EDD8200A0EA85 /* FilterView.swift */ = {isa = PBXFileReference; lastKnownFileType = sourcecode.swift; path = FilterView.swift; sourceTree = "<group>"; };
		8943032F2C7EDEF600A0EA85 /* RaceView.swift */ = {isa = PBXFileReference; lastKnownFileType = sourcecode.swift; path = RaceView.swift; sourceTree = "<group>"; };
		898DB7D82C7C29D100042BDE /* RacesServiceTests.swift */ = {isa = PBXFileReference; lastKnownFileType = sourcecode.swift; path = RacesServiceTests.swift; sourceTree = "<group>"; };
		898DB7DA2C7C29FB00042BDE /* MockNetworkService.swift */ = {isa = PBXFileReference; lastKnownFileType = sourcecode.swift; path = MockNetworkService.swift; sourceTree = "<group>"; };
		898DB7DD2C7C2F0800042BDE /* URLSessionServicesTests.swift */ = {isa = PBXFileReference; lastKnownFileType = sourcecode.swift; path = URLSessionServicesTests.swift; sourceTree = "<group>"; };
		898DB7DF2C7C2F3600042BDE /* MockURLSession.swift */ = {isa = PBXFileReference; lastKnownFileType = sourcecode.swift; path = MockURLSession.swift; sourceTree = "<group>"; };
		898DB7E12C7C2F8700042BDE /* MockServiceEndpoint.swift */ = {isa = PBXFileReference; lastKnownFileType = sourcecode.swift; path = MockServiceEndpoint.swift; sourceTree = "<group>"; };
		898DB7E32C7C36A200042BDE /* MockRacesManager.swift */ = {isa = PBXFileReference; lastKnownFileType = sourcecode.swift; path = MockRacesManager.swift; sourceTree = "<group>"; };
		898DB7E62C7C36D800042BDE /* NextToGoRacesViewModelTests.swift */ = {isa = PBXFileReference; lastKnownFileType = sourcecode.swift; path = NextToGoRacesViewModelTests.swift; sourceTree = "<group>"; };
		89AF85922C7B6C4E0005D6E8 /* NextToGoRaces.app */ = {isa = PBXFileReference; explicitFileType = wrapper.application; includeInIndex = 0; path = NextToGoRaces.app; sourceTree = BUILT_PRODUCTS_DIR; };
		89AF859E2C7B6C500005D6E8 /* Assets.xcassets */ = {isa = PBXFileReference; lastKnownFileType = folder.assetcatalog; path = Assets.xcassets; sourceTree = "<group>"; };
		89AF85A32C7B6C500005D6E8 /* Info.plist */ = {isa = PBXFileReference; lastKnownFileType = text.plist.xml; path = Info.plist; sourceTree = "<group>"; };
		89AF85A82C7B6C500005D6E8 /* NextToGoRacesTests.xctest */ = {isa = PBXFileReference; explicitFileType = wrapper.cfbundle; includeInIndex = 0; path = NextToGoRacesTests.xctest; sourceTree = BUILT_PRODUCTS_DIR; };
		89AF85B22C7B6C500005D6E8 /* NextToGoRacesUITests.xctest */ = {isa = PBXFileReference; explicitFileType = wrapper.cfbundle; includeInIndex = 0; path = NextToGoRacesUITests.xctest; sourceTree = BUILT_PRODUCTS_DIR; };
		89AF85B62C7B6C500005D6E8 /* NextToGoRacesUITests.swift */ = {isa = PBXFileReference; lastKnownFileType = sourcecode.swift; path = NextToGoRacesUITests.swift; sourceTree = "<group>"; };
		89AF85B82C7B6C500005D6E8 /* NextToGoRacesUITestsLaunchTests.swift */ = {isa = PBXFileReference; lastKnownFileType = sourcecode.swift; path = NextToGoRacesUITestsLaunchTests.swift; sourceTree = "<group>"; };
		89AF85ED2C7B79C10005D6E8 /* NetworkServiceProtocol.swift */ = {isa = PBXFileReference; lastKnownFileType = sourcecode.swift; path = NetworkServiceProtocol.swift; sourceTree = "<group>"; };
		89AF85EF2C7B79D70005D6E8 /* ServiceEndpointProtocol.swift */ = {isa = PBXFileReference; lastKnownFileType = sourcecode.swift; path = ServiceEndpointProtocol.swift; sourceTree = "<group>"; };
		89AF85F12C7B7A1B0005D6E8 /* URLSessionService.swift */ = {isa = PBXFileReference; lastKnownFileType = sourcecode.swift; path = URLSessionService.swift; sourceTree = "<group>"; };
		89AF85F32C7B7A430005D6E8 /* NetworkError.swift */ = {isa = PBXFileReference; lastKnownFileType = sourcecode.swift; path = NetworkError.swift; sourceTree = "<group>"; };
		89AF85F62C7B7A580005D6E8 /* BaseResponse.swift */ = {isa = PBXFileReference; lastKnownFileType = sourcecode.swift; path = BaseResponse.swift; sourceTree = "<group>"; };
		89AF85F82C7B7A8C0005D6E8 /* Configs.swift */ = {isa = PBXFileReference; lastKnownFileType = sourcecode.swift; path = Configs.swift; sourceTree = "<group>"; };
		89AF85FB2C7B7AE80005D6E8 /* RacesServiceEndpoint.swift */ = {isa = PBXFileReference; lastKnownFileType = sourcecode.swift; path = RacesServiceEndpoint.swift; sourceTree = "<group>"; };
		89AF85FD2C7B7AFD0005D6E8 /* RacesService.swift */ = {isa = PBXFileReference; lastKnownFileType = sourcecode.swift; path = RacesService.swift; sourceTree = "<group>"; };
		89AF85FF2C7B7B120005D6E8 /* Races.swift */ = {isa = PBXFileReference; lastKnownFileType = sourcecode.swift; path = Races.swift; sourceTree = "<group>"; };
		89AF86012C7B7B410005D6E8 /* RaceSummary.swift */ = {isa = PBXFileReference; lastKnownFileType = sourcecode.swift; path = RaceSummary.swift; sourceTree = "<group>"; };
		89AF86052C7B7BC40005D6E8 /* RaceCategoryEnum.swift */ = {isa = PBXFileReference; lastKnownFileType = sourcecode.swift; path = RaceCategoryEnum.swift; sourceTree = "<group>"; };
		89AF86122C7B7E4B0005D6E8 /* UITableViewCell+Extension.swift */ = {isa = PBXFileReference; lastKnownFileType = sourcecode.swift; path = "UITableViewCell+Extension.swift"; sourceTree = "<group>"; };
		89AF86152C7B7E9C0005D6E8 /* UITableView+Extension.swift */ = {isa = PBXFileReference; lastKnownFileType = sourcecode.swift; path = "UITableView+Extension.swift"; sourceTree = "<group>"; };
		89AF86182C7B803B0005D6E8 /* RacesManager.swift */ = {isa = PBXFileReference; lastKnownFileType = sourcecode.swift; path = RacesManager.swift; sourceTree = "<group>"; };
		89AF861B2C7B811A0005D6E8 /* NextToGoRacesViewModel.swift */ = {isa = PBXFileReference; lastKnownFileType = sourcecode.swift; path = NextToGoRacesViewModel.swift; sourceTree = "<group>"; };
		89AF861D2C7B81360005D6E8 /* RaceSummaryViewModel.swift */ = {isa = PBXFileReference; lastKnownFileType = sourcecode.swift; path = RaceSummaryViewModel.swift; sourceTree = "<group>"; };
		89AF86202C7B83000005D6E8 /* Gallery.swift */ = {isa = PBXFileReference; lastKnownFileType = sourcecode.swift; path = Gallery.swift; sourceTree = "<group>"; };
		89AF86242C7B865A0005D6E8 /* UICollectionViewCell+Extension.swift */ = {isa = PBXFileReference; lastKnownFileType = sourcecode.swift; path = "UICollectionViewCell+Extension.swift"; sourceTree = "<group>"; };
		89AF86262C7B86680005D6E8 /* UICollectionView+Extension.swift */ = {isa = PBXFileReference; lastKnownFileType = sourcecode.swift; path = "UICollectionView+Extension.swift"; sourceTree = "<group>"; };
		89AF86282C7B86970005D6E8 /* Array+Extensions.swift */ = {isa = PBXFileReference; lastKnownFileType = sourcecode.swift; path = "Array+Extensions.swift"; sourceTree = "<group>"; };
		89AF862A2C7C1FB90005D6E8 /* RacesManagerTests.swift */ = {isa = PBXFileReference; lastKnownFileType = sourcecode.swift; path = RacesManagerTests.swift; sourceTree = "<group>"; };
		89AF862E2C7C20060005D6E8 /* MockRacesService.swift */ = {isa = PBXFileReference; lastKnownFileType = sourcecode.swift; path = MockRacesService.swift; sourceTree = "<group>"; };
/* End PBXFileReference section */

/* Begin PBXFrameworksBuildPhase section */
		89AF858F2C7B6C4E0005D6E8 /* Frameworks */ = {
			isa = PBXFrameworksBuildPhase;
			buildActionMask = 2147483647;
			files = (
			);
			runOnlyForDeploymentPostprocessing = 0;
		};
		89AF85A52C7B6C500005D6E8 /* Frameworks */ = {
			isa = PBXFrameworksBuildPhase;
			buildActionMask = 2147483647;
			files = (
			);
			runOnlyForDeploymentPostprocessing = 0;
		};
		89AF85AF2C7B6C500005D6E8 /* Frameworks */ = {
			isa = PBXFrameworksBuildPhase;
			buildActionMask = 2147483647;
			files = (
			);
			runOnlyForDeploymentPostprocessing = 0;
		};
/* End PBXFrameworksBuildPhase section */

/* Begin PBXGroup section */
		894303252C7ED71900A0EA85 /* App */ = {
			isa = PBXGroup;
			children = (
				894303262C7ED73100A0EA85 /* NextToGoRacesApp.swift */,
			);
			path = App;
			sourceTree = "<group>";
		};
		894303282C7ED76B00A0EA85 /* SwiftUIViews */ = {
			isa = PBXGroup;
			children = (
				8943032B2C7ED8FC00A0EA85 /* NextToGoRacesView.swift */,
				8943032D2C7EDD8200A0EA85 /* FilterView.swift */,
				8943032F2C7EDEF600A0EA85 /* RaceView.swift */,
			);
			path = SwiftUIViews;
			sourceTree = "<group>";
		};
		898DB7D72C7C29C200042BDE /* Services */ = {
			isa = PBXGroup;
			children = (
				898DB7D82C7C29D100042BDE /* RacesServiceTests.swift */,
			);
			path = Services;
			sourceTree = "<group>";
		};
		898DB7DC2C7C2EFB00042BDE /* Network */ = {
			isa = PBXGroup;
			children = (
				898DB7DD2C7C2F0800042BDE /* URLSessionServicesTests.swift */,
			);
			path = Network;
			sourceTree = "<group>";
		};
		898DB7E52C7C36C400042BDE /* ViewModels */ = {
			isa = PBXGroup;
			children = (
				898DB7E62C7C36D800042BDE /* NextToGoRacesViewModelTests.swift */,
			);
			path = ViewModels;
			sourceTree = "<group>";
		};
		89AF85892C7B6C4E0005D6E8 = {
			isa = PBXGroup;
			children = (
				89AF85942C7B6C4E0005D6E8 /* NextToGoRaces */,
				89AF85AB2C7B6C500005D6E8 /* NextToGoRacesTests */,
				89AF85B52C7B6C500005D6E8 /* NextToGoRacesUITests */,
				89AF85932C7B6C4E0005D6E8 /* Products */,
			);
			sourceTree = "<group>";
		};
		89AF85932C7B6C4E0005D6E8 /* Products */ = {
			isa = PBXGroup;
			children = (
				89AF85922C7B6C4E0005D6E8 /* NextToGoRaces.app */,
				89AF85A82C7B6C500005D6E8 /* NextToGoRacesTests.xctest */,
				89AF85B22C7B6C500005D6E8 /* NextToGoRacesUITests.xctest */,
			);
			name = Products;
			sourceTree = "<group>";
		};
		89AF85942C7B6C4E0005D6E8 /* NextToGoRaces */ = {
			isa = PBXGroup;
			children = (
				894303282C7ED76B00A0EA85 /* SwiftUIViews */,
				894303252C7ED71900A0EA85 /* App */,
				89AF861F2C7B82F20005D6E8 /* Utilities */,
				89AF861A2C7B81090005D6E8 /* ViewModels */,
				89AF86172C7B802B0005D6E8 /* Managers */,
				89AF86142C7B7E690005D6E8 /* Extensions */,
				89AF85FA2C7B7ACF0005D6E8 /* Services */,
				89AF85F52C7B7A4E0005D6E8 /* Models */,
				89AF85EC2C7B797D0005D6E8 /* Network */,
				89AF859E2C7B6C500005D6E8 /* Assets.xcassets */,
				89AF85A32C7B6C500005D6E8 /* Info.plist */,
			);
			path = NextToGoRaces;
			sourceTree = "<group>";
		};
		89AF85AB2C7B6C500005D6E8 /* NextToGoRacesTests */ = {
			isa = PBXGroup;
			children = (
				898DB7E52C7C36C400042BDE /* ViewModels */,
				898DB7DC2C7C2EFB00042BDE /* Network */,
				898DB7D72C7C29C200042BDE /* Services */,
				89AF862D2C7C1FF20005D6E8 /* Mocks */,
				89AF862C2C7C1FC40005D6E8 /* Managers */,
			);
			path = NextToGoRacesTests;
			sourceTree = "<group>";
		};
		89AF85B52C7B6C500005D6E8 /* NextToGoRacesUITests */ = {
			isa = PBXGroup;
			children = (
				89AF85B62C7B6C500005D6E8 /* NextToGoRacesUITests.swift */,
				89AF85B82C7B6C500005D6E8 /* NextToGoRacesUITestsLaunchTests.swift */,
			);
			path = NextToGoRacesUITests;
			sourceTree = "<group>";
		};
		89AF85EC2C7B797D0005D6E8 /* Network */ = {
			isa = PBXGroup;
			children = (
				89AF85ED2C7B79C10005D6E8 /* NetworkServiceProtocol.swift */,
				89AF85EF2C7B79D70005D6E8 /* ServiceEndpointProtocol.swift */,
				89AF85F12C7B7A1B0005D6E8 /* URLSessionService.swift */,
				89AF85F32C7B7A430005D6E8 /* NetworkError.swift */,
				89AF85F82C7B7A8C0005D6E8 /* Configs.swift */,
			);
			path = Network;
			sourceTree = "<group>";
		};
		89AF85F52C7B7A4E0005D6E8 /* Models */ = {
			isa = PBXGroup;
			children = (
				89AF85F62C7B7A580005D6E8 /* BaseResponse.swift */,
				89AF85FF2C7B7B120005D6E8 /* Races.swift */,
				89AF86012C7B7B410005D6E8 /* RaceSummary.swift */,
				89AF86052C7B7BC40005D6E8 /* RaceCategoryEnum.swift */,
			);
			path = Models;
			sourceTree = "<group>";
		};
		89AF85FA2C7B7ACF0005D6E8 /* Services */ = {
			isa = PBXGroup;
			children = (
				89AF85FB2C7B7AE80005D6E8 /* RacesServiceEndpoint.swift */,
				89AF85FD2C7B7AFD0005D6E8 /* RacesService.swift */,
			);
			path = Services;
			sourceTree = "<group>";
		};
		89AF86142C7B7E690005D6E8 /* Extensions */ = {
			isa = PBXGroup;
			children = (
				89AF86122C7B7E4B0005D6E8 /* UITableViewCell+Extension.swift */,
				89AF86152C7B7E9C0005D6E8 /* UITableView+Extension.swift */,
				89AF86242C7B865A0005D6E8 /* UICollectionViewCell+Extension.swift */,
				89AF86262C7B86680005D6E8 /* UICollectionView+Extension.swift */,
				89AF86282C7B86970005D6E8 /* Array+Extensions.swift */,
			);
			path = Extensions;
			sourceTree = "<group>";
		};
		89AF86172C7B802B0005D6E8 /* Managers */ = {
			isa = PBXGroup;
			children = (
				89AF86182C7B803B0005D6E8 /* RacesManager.swift */,
			);
			path = Managers;
			sourceTree = "<group>";
		};
		89AF861A2C7B81090005D6E8 /* ViewModels */ = {
			isa = PBXGroup;
			children = (
				89AF861B2C7B811A0005D6E8 /* NextToGoRacesViewModel.swift */,
				89AF861D2C7B81360005D6E8 /* RaceSummaryViewModel.swift */,
			);
			path = ViewModels;
			sourceTree = "<group>";
		};
		89AF861F2C7B82F20005D6E8 /* Utilities */ = {
			isa = PBXGroup;
			children = (
				89AF86202C7B83000005D6E8 /* Gallery.swift */,
			);
			path = Utilities;
			sourceTree = "<group>";
		};
		89AF862C2C7C1FC40005D6E8 /* Managers */ = {
			isa = PBXGroup;
			children = (
				89AF862A2C7C1FB90005D6E8 /* RacesManagerTests.swift */,
			);
			path = Managers;
			sourceTree = "<group>";
		};
		89AF862D2C7C1FF20005D6E8 /* Mocks */ = {
			isa = PBXGroup;
			children = (
				89AF862E2C7C20060005D6E8 /* MockRacesService.swift */,
				898DB7DA2C7C29FB00042BDE /* MockNetworkService.swift */,
				898DB7DF2C7C2F3600042BDE /* MockURLSession.swift */,
				898DB7E12C7C2F8700042BDE /* MockServiceEndpoint.swift */,
				898DB7E32C7C36A200042BDE /* MockRacesManager.swift */,
			);
			path = Mocks;
			sourceTree = "<group>";
		};
/* End PBXGroup section */

/* Begin PBXNativeTarget section */
		89AF85912C7B6C4E0005D6E8 /* NextToGoRaces */ = {
			isa = PBXNativeTarget;
			buildConfigurationList = 89AF85BC2C7B6C500005D6E8 /* Build configuration list for PBXNativeTarget "NextToGoRaces" */;
			buildPhases = (
				89AF858E2C7B6C4E0005D6E8 /* Sources */,
				89AF858F2C7B6C4E0005D6E8 /* Frameworks */,
				89AF85902C7B6C4E0005D6E8 /* Resources */,
			);
			buildRules = (
			);
			dependencies = (
			);
			name = NextToGoRaces;
			productName = NextToGoRaces;
			productReference = 89AF85922C7B6C4E0005D6E8 /* NextToGoRaces.app */;
			productType = "com.apple.product-type.application";
		};
		89AF85A72C7B6C500005D6E8 /* NextToGoRacesTests */ = {
			isa = PBXNativeTarget;
			buildConfigurationList = 89AF85BF2C7B6C500005D6E8 /* Build configuration list for PBXNativeTarget "NextToGoRacesTests" */;
			buildPhases = (
				89AF85A42C7B6C500005D6E8 /* Sources */,
				89AF85A52C7B6C500005D6E8 /* Frameworks */,
				89AF85A62C7B6C500005D6E8 /* Resources */,
			);
			buildRules = (
			);
			dependencies = (
				89AF85AA2C7B6C500005D6E8 /* PBXTargetDependency */,
			);
			name = NextToGoRacesTests;
			productName = NextToGoRacesTests;
			productReference = 89AF85A82C7B6C500005D6E8 /* NextToGoRacesTests.xctest */;
			productType = "com.apple.product-type.bundle.unit-test";
		};
		89AF85B12C7B6C500005D6E8 /* NextToGoRacesUITests */ = {
			isa = PBXNativeTarget;
			buildConfigurationList = 89AF85C22C7B6C500005D6E8 /* Build configuration list for PBXNativeTarget "NextToGoRacesUITests" */;
			buildPhases = (
				89AF85AE2C7B6C500005D6E8 /* Sources */,
				89AF85AF2C7B6C500005D6E8 /* Frameworks */,
				89AF85B02C7B6C500005D6E8 /* Resources */,
			);
			buildRules = (
			);
			dependencies = (
				89AF85B42C7B6C500005D6E8 /* PBXTargetDependency */,
			);
			name = NextToGoRacesUITests;
			productName = NextToGoRacesUITests;
			productReference = 89AF85B22C7B6C500005D6E8 /* NextToGoRacesUITests.xctest */;
			productType = "com.apple.product-type.bundle.ui-testing";
		};
/* End PBXNativeTarget section */

/* Begin PBXProject section */
		89AF858A2C7B6C4E0005D6E8 /* Project object */ = {
			isa = PBXProject;
			attributes = {
				BuildIndependentTargetsInParallel = 1;
				LastSwiftUpdateCheck = 1520;
				LastUpgradeCheck = 1520;
				TargetAttributes = {
					89AF85912C7B6C4E0005D6E8 = {
						CreatedOnToolsVersion = 15.2;
					};
					89AF85A72C7B6C500005D6E8 = {
						CreatedOnToolsVersion = 15.2;
						LastSwiftMigration = 1520;
						TestTargetID = 89AF85912C7B6C4E0005D6E8;
					};
					89AF85B12C7B6C500005D6E8 = {
						CreatedOnToolsVersion = 15.2;
						TestTargetID = 89AF85912C7B6C4E0005D6E8;
					};
				};
			};
			buildConfigurationList = 89AF858D2C7B6C4E0005D6E8 /* Build configuration list for PBXProject "NextToGoRaces" */;
			compatibilityVersion = "Xcode 14.0";
			developmentRegion = en;
			hasScannedForEncodings = 0;
			knownRegions = (
				en,
				Base,
			);
			mainGroup = 89AF85892C7B6C4E0005D6E8;
			productRefGroup = 89AF85932C7B6C4E0005D6E8 /* Products */;
			projectDirPath = "";
			projectRoot = "";
			targets = (
				89AF85912C7B6C4E0005D6E8 /* NextToGoRaces */,
				89AF85A72C7B6C500005D6E8 /* NextToGoRacesTests */,
				89AF85B12C7B6C500005D6E8 /* NextToGoRacesUITests */,
			);
		};
/* End PBXProject section */

/* Begin PBXResourcesBuildPhase section */
		89AF85902C7B6C4E0005D6E8 /* Resources */ = {
			isa = PBXResourcesBuildPhase;
			buildActionMask = 2147483647;
			files = (
				89AF859F2C7B6C500005D6E8 /* Assets.xcassets in Resources */,
			);
			runOnlyForDeploymentPostprocessing = 0;
		};
		89AF85A62C7B6C500005D6E8 /* Resources */ = {
			isa = PBXResourcesBuildPhase;
			buildActionMask = 2147483647;
			files = (
			);
			runOnlyForDeploymentPostprocessing = 0;
		};
		89AF85B02C7B6C500005D6E8 /* Resources */ = {
			isa = PBXResourcesBuildPhase;
			buildActionMask = 2147483647;
			files = (
			);
			runOnlyForDeploymentPostprocessing = 0;
		};
/* End PBXResourcesBuildPhase section */

/* Begin PBXSourcesBuildPhase section */
		89AF858E2C7B6C4E0005D6E8 /* Sources */ = {
			isa = PBXSourcesBuildPhase;
			buildActionMask = 2147483647;
			files = (
				89AF85F72C7B7A580005D6E8 /* BaseResponse.swift in Sources */,
				89AF86022C7B7B410005D6E8 /* RaceSummary.swift in Sources */,
				89AF86292C7B86970005D6E8 /* Array+Extensions.swift in Sources */,
				89AF86162C7B7E9C0005D6E8 /* UITableView+Extension.swift in Sources */,
				89AF86002C7B7B120005D6E8 /* Races.swift in Sources */,
				8943032C2C7ED8FC00A0EA85 /* NextToGoRacesView.swift in Sources */,
				89AF861C2C7B811A0005D6E8 /* NextToGoRacesViewModel.swift in Sources */,
				89AF85F42C7B7A430005D6E8 /* NetworkError.swift in Sources */,
				89AF85F02C7B79D70005D6E8 /* ServiceEndpointProtocol.swift in Sources */,
				89AF85F22C7B7A1B0005D6E8 /* URLSessionService.swift in Sources */,
				89AF86272C7B86680005D6E8 /* UICollectionView+Extension.swift in Sources */,
				8943032E2C7EDD8200A0EA85 /* FilterView.swift in Sources */,
				89AF86252C7B865A0005D6E8 /* UICollectionViewCell+Extension.swift in Sources */,
				89AF86212C7B83000005D6E8 /* Gallery.swift in Sources */,
				89AF85F92C7B7A8C0005D6E8 /* Configs.swift in Sources */,
				89AF86132C7B7E4B0005D6E8 /* UITableViewCell+Extension.swift in Sources */,
				89AF85FC2C7B7AE80005D6E8 /* RacesServiceEndpoint.swift in Sources */,
				89AF85FE2C7B7AFD0005D6E8 /* RacesService.swift in Sources */,
				89AF86192C7B803B0005D6E8 /* RacesManager.swift in Sources */,
				89AF861E2C7B81360005D6E8 /* RaceSummaryViewModel.swift in Sources */,
				894303272C7ED73100A0EA85 /* NextToGoRacesApp.swift in Sources */,
				89AF85EE2C7B79C10005D6E8 /* NetworkServiceProtocol.swift in Sources */,
				89AF86062C7B7BC40005D6E8 /* RaceCategoryEnum.swift in Sources */,
				894303302C7EDEF600A0EA85 /* RaceView.swift in Sources */,
			);
			runOnlyForDeploymentPostprocessing = 0;
		};
		89AF85A42C7B6C500005D6E8 /* Sources */ = {
			isa = PBXSourcesBuildPhase;
			buildActionMask = 2147483647;
			files = (
				898DB7E02C7C2F3600042BDE /* MockURLSession.swift in Sources */,
				898DB7DB2C7C29FB00042BDE /* MockNetworkService.swift in Sources */,
				898DB7E22C7C2F8700042BDE /* MockServiceEndpoint.swift in Sources */,
				89AF862F2C7C20060005D6E8 /* MockRacesService.swift in Sources */,
				898DB7E42C7C36A300042BDE /* MockRacesManager.swift in Sources */,
				89AF862B2C7C1FB90005D6E8 /* RacesManagerTests.swift in Sources */,
				898DB7DE2C7C2F0800042BDE /* URLSessionServicesTests.swift in Sources */,
				898DB7D92C7C29D100042BDE /* RacesServiceTests.swift in Sources */,
				898DB7E72C7C36D800042BDE /* NextToGoRacesViewModelTests.swift in Sources */,
			);
			runOnlyForDeploymentPostprocessing = 0;
		};
		89AF85AE2C7B6C500005D6E8 /* Sources */ = {
			isa = PBXSourcesBuildPhase;
			buildActionMask = 2147483647;
			files = (
				89AF85B72C7B6C500005D6E8 /* NextToGoRacesUITests.swift in Sources */,
				89AF85B92C7B6C500005D6E8 /* NextToGoRacesUITestsLaunchTests.swift in Sources */,
			);
			runOnlyForDeploymentPostprocessing = 0;
		};
/* End PBXSourcesBuildPhase section */

/* Begin PBXTargetDependency section */
		89AF85AA2C7B6C500005D6E8 /* PBXTargetDependency */ = {
			isa = PBXTargetDependency;
			target = 89AF85912C7B6C4E0005D6E8 /* NextToGoRaces */;
			targetProxy = 89AF85A92C7B6C500005D6E8 /* PBXContainerItemProxy */;
		};
		89AF85B42C7B6C500005D6E8 /* PBXTargetDependency */ = {
			isa = PBXTargetDependency;
			target = 89AF85912C7B6C4E0005D6E8 /* NextToGoRaces */;
			targetProxy = 89AF85B32C7B6C500005D6E8 /* PBXContainerItemProxy */;
		};
/* End PBXTargetDependency section */

/* Begin XCBuildConfiguration section */
		89AF85BA2C7B6C500005D6E8 /* Debug */ = {
			isa = XCBuildConfiguration;
			buildSettings = {
				ALWAYS_SEARCH_USER_PATHS = NO;
				ASSETCATALOG_COMPILER_GENERATE_SWIFT_ASSET_SYMBOL_EXTENSIONS = YES;
				CLANG_ANALYZER_NONNULL = YES;
				CLANG_ANALYZER_NUMBER_OBJECT_CONVERSION = YES_AGGRESSIVE;
				CLANG_CXX_LANGUAGE_STANDARD = "gnu++20";
				CLANG_ENABLE_MODULES = YES;
				CLANG_ENABLE_OBJC_ARC = YES;
				CLANG_ENABLE_OBJC_WEAK = YES;
				CLANG_WARN_BLOCK_CAPTURE_AUTORELEASING = YES;
				CLANG_WARN_BOOL_CONVERSION = YES;
				CLANG_WARN_COMMA = YES;
				CLANG_WARN_CONSTANT_CONVERSION = YES;
				CLANG_WARN_DEPRECATED_OBJC_IMPLEMENTATIONS = YES;
				CLANG_WARN_DIRECT_OBJC_ISA_USAGE = YES_ERROR;
				CLANG_WARN_DOCUMENTATION_COMMENTS = YES;
				CLANG_WARN_EMPTY_BODY = YES;
				CLANG_WARN_ENUM_CONVERSION = YES;
				CLANG_WARN_INFINITE_RECURSION = YES;
				CLANG_WARN_INT_CONVERSION = YES;
				CLANG_WARN_NON_LITERAL_NULL_CONVERSION = YES;
				CLANG_WARN_OBJC_IMPLICIT_RETAIN_SELF = YES;
				CLANG_WARN_OBJC_LITERAL_CONVERSION = YES;
				CLANG_WARN_OBJC_ROOT_CLASS = YES_ERROR;
				CLANG_WARN_QUOTED_INCLUDE_IN_FRAMEWORK_HEADER = YES;
				CLANG_WARN_RANGE_LOOP_ANALYSIS = YES;
				CLANG_WARN_STRICT_PROTOTYPES = YES;
				CLANG_WARN_SUSPICIOUS_MOVE = YES;
				CLANG_WARN_UNGUARDED_AVAILABILITY = YES_AGGRESSIVE;
				CLANG_WARN_UNREACHABLE_CODE = YES;
				CLANG_WARN__DUPLICATE_METHOD_MATCH = YES;
				COPY_PHASE_STRIP = NO;
				DEBUG_INFORMATION_FORMAT = dwarf;
				ENABLE_STRICT_OBJC_MSGSEND = YES;
				ENABLE_TESTABILITY = YES;
				ENABLE_USER_SCRIPT_SANDBOXING = YES;
				GCC_C_LANGUAGE_STANDARD = gnu17;
				GCC_DYNAMIC_NO_PIC = NO;
				GCC_NO_COMMON_BLOCKS = YES;
				GCC_OPTIMIZATION_LEVEL = 0;
				GCC_PREPROCESSOR_DEFINITIONS = (
					"DEBUG=1",
					"$(inherited)",
				);
				GCC_WARN_64_TO_32_BIT_CONVERSION = YES;
				GCC_WARN_ABOUT_RETURN_TYPE = YES_ERROR;
				GCC_WARN_UNDECLARED_SELECTOR = YES;
				GCC_WARN_UNINITIALIZED_AUTOS = YES_AGGRESSIVE;
				GCC_WARN_UNUSED_FUNCTION = YES;
				GCC_WARN_UNUSED_VARIABLE = YES;
				IPHONEOS_DEPLOYMENT_TARGET = 17.2;
				LOCALIZATION_PREFERS_STRING_CATALOGS = YES;
				MTL_ENABLE_DEBUG_INFO = INCLUDE_SOURCE;
				MTL_FAST_MATH = YES;
				ONLY_ACTIVE_ARCH = YES;
				SDKROOT = iphoneos;
				SWIFT_ACTIVE_COMPILATION_CONDITIONS = "DEBUG $(inherited)";
				SWIFT_OPTIMIZATION_LEVEL = "-Onone";
			};
			name = Debug;
		};
		89AF85BB2C7B6C500005D6E8 /* Release */ = {
			isa = XCBuildConfiguration;
			buildSettings = {
				ALWAYS_SEARCH_USER_PATHS = NO;
				ASSETCATALOG_COMPILER_GENERATE_SWIFT_ASSET_SYMBOL_EXTENSIONS = YES;
				CLANG_ANALYZER_NONNULL = YES;
				CLANG_ANALYZER_NUMBER_OBJECT_CONVERSION = YES_AGGRESSIVE;
				CLANG_CXX_LANGUAGE_STANDARD = "gnu++20";
				CLANG_ENABLE_MODULES = YES;
				CLANG_ENABLE_OBJC_ARC = YES;
				CLANG_ENABLE_OBJC_WEAK = YES;
				CLANG_WARN_BLOCK_CAPTURE_AUTORELEASING = YES;
				CLANG_WARN_BOOL_CONVERSION = YES;
				CLANG_WARN_COMMA = YES;
				CLANG_WARN_CONSTANT_CONVERSION = YES;
				CLANG_WARN_DEPRECATED_OBJC_IMPLEMENTATIONS = YES;
				CLANG_WARN_DIRECT_OBJC_ISA_USAGE = YES_ERROR;
				CLANG_WARN_DOCUMENTATION_COMMENTS = YES;
				CLANG_WARN_EMPTY_BODY = YES;
				CLANG_WARN_ENUM_CONVERSION = YES;
				CLANG_WARN_INFINITE_RECURSION = YES;
				CLANG_WARN_INT_CONVERSION = YES;
				CLANG_WARN_NON_LITERAL_NULL_CONVERSION = YES;
				CLANG_WARN_OBJC_IMPLICIT_RETAIN_SELF = YES;
				CLANG_WARN_OBJC_LITERAL_CONVERSION = YES;
				CLANG_WARN_OBJC_ROOT_CLASS = YES_ERROR;
				CLANG_WARN_QUOTED_INCLUDE_IN_FRAMEWORK_HEADER = YES;
				CLANG_WARN_RANGE_LOOP_ANALYSIS = YES;
				CLANG_WARN_STRICT_PROTOTYPES = YES;
				CLANG_WARN_SUSPICIOUS_MOVE = YES;
				CLANG_WARN_UNGUARDED_AVAILABILITY = YES_AGGRESSIVE;
				CLANG_WARN_UNREACHABLE_CODE = YES;
				CLANG_WARN__DUPLICATE_METHOD_MATCH = YES;
				COPY_PHASE_STRIP = NO;
				DEBUG_INFORMATION_FORMAT = "dwarf-with-dsym";
				ENABLE_NS_ASSERTIONS = NO;
				ENABLE_STRICT_OBJC_MSGSEND = YES;
				ENABLE_USER_SCRIPT_SANDBOXING = YES;
				GCC_C_LANGUAGE_STANDARD = gnu17;
				GCC_NO_COMMON_BLOCKS = YES;
				GCC_WARN_64_TO_32_BIT_CONVERSION = YES;
				GCC_WARN_ABOUT_RETURN_TYPE = YES_ERROR;
				GCC_WARN_UNDECLARED_SELECTOR = YES;
				GCC_WARN_UNINITIALIZED_AUTOS = YES_AGGRESSIVE;
				GCC_WARN_UNUSED_FUNCTION = YES;
				GCC_WARN_UNUSED_VARIABLE = YES;
				IPHONEOS_DEPLOYMENT_TARGET = 17.2;
				LOCALIZATION_PREFERS_STRING_CATALOGS = YES;
				MTL_ENABLE_DEBUG_INFO = NO;
				MTL_FAST_MATH = YES;
				SDKROOT = iphoneos;
				SWIFT_COMPILATION_MODE = wholemodule;
				VALIDATE_PRODUCT = YES;
			};
			name = Release;
		};
		89AF85BD2C7B6C500005D6E8 /* Debug */ = {
			isa = XCBuildConfiguration;
			buildSettings = {
				ASSETCATALOG_COMPILER_APPICON_NAME = AppIcon;
				ASSETCATALOG_COMPILER_GLOBAL_ACCENT_COLOR_NAME = AccentColor;
				CODE_SIGN_STYLE = Automatic;
				CURRENT_PROJECT_VERSION = 1;
				GENERATE_INFOPLIST_FILE = YES;
				INFOPLIST_FILE = NextToGoRaces/Info.plist;
				INFOPLIST_KEY_UIApplicationSupportsIndirectInputEvents = YES;
				INFOPLIST_KEY_UILaunchStoryboardName = LaunchScreen;
				INFOPLIST_KEY_UIMainStoryboardFile = "";
				INFOPLIST_KEY_UISupportedInterfaceOrientations_iPad = "UIInterfaceOrientationPortrait UIInterfaceOrientationPortraitUpsideDown UIInterfaceOrientationLandscapeLeft UIInterfaceOrientationLandscapeRight";
				INFOPLIST_KEY_UISupportedInterfaceOrientations_iPhone = "UIInterfaceOrientationPortrait UIInterfaceOrientationLandscapeLeft UIInterfaceOrientationLandscapeRight";
				LD_RUNPATH_SEARCH_PATHS = (
					"$(inherited)",
					"@executable_path/Frameworks",
				);
				MARKETING_VERSION = 1.0;
				PRODUCT_BUNDLE_IDENTIFIER = org.cocoapods.NextToGoRaces;
				PRODUCT_NAME = "$(TARGET_NAME)";
				SWIFT_EMIT_LOC_STRINGS = YES;
				SWIFT_VERSION = 5.0;
				TARGETED_DEVICE_FAMILY = "1,2";
			};
			name = Debug;
		};
		89AF85BE2C7B6C500005D6E8 /* Release */ = {
			isa = XCBuildConfiguration;
			buildSettings = {
				ASSETCATALOG_COMPILER_APPICON_NAME = AppIcon;
				ASSETCATALOG_COMPILER_GLOBAL_ACCENT_COLOR_NAME = AccentColor;
				CODE_SIGN_STYLE = Automatic;
				CURRENT_PROJECT_VERSION = 1;
				GENERATE_INFOPLIST_FILE = YES;
				INFOPLIST_FILE = NextToGoRaces/Info.plist;
				INFOPLIST_KEY_UIApplicationSupportsIndirectInputEvents = YES;
				INFOPLIST_KEY_UILaunchStoryboardName = LaunchScreen;
				INFOPLIST_KEY_UIMainStoryboardFile = "";
				INFOPLIST_KEY_UISupportedInterfaceOrientations_iPad = "UIInterfaceOrientationPortrait UIInterfaceOrientationPortraitUpsideDown UIInterfaceOrientationLandscapeLeft UIInterfaceOrientationLandscapeRight";
				INFOPLIST_KEY_UISupportedInterfaceOrientations_iPhone = "UIInterfaceOrientationPortrait UIInterfaceOrientationLandscapeLeft UIInterfaceOrientationLandscapeRight";
				LD_RUNPATH_SEARCH_PATHS = (
					"$(inherited)",
					"@executable_path/Frameworks",
				);
				MARKETING_VERSION = 1.0;
				PRODUCT_BUNDLE_IDENTIFIER = org.cocoapods.NextToGoRaces;
				PRODUCT_NAME = "$(TARGET_NAME)";
				SWIFT_EMIT_LOC_STRINGS = YES;
				SWIFT_VERSION = 5.0;
				TARGETED_DEVICE_FAMILY = "1,2";
			};
			name = Release;
		};
		89AF85C02C7B6C500005D6E8 /* Debug */ = {
			isa = XCBuildConfiguration;
			buildSettings = {
				ALWAYS_EMBED_SWIFT_STANDARD_LIBRARIES = YES;
				BUNDLE_LOADER = "$(TEST_HOST)";
				CLANG_ENABLE_MODULES = YES;
				CODE_SIGN_STYLE = Automatic;
				CURRENT_PROJECT_VERSION = 1;
				GENERATE_INFOPLIST_FILE = YES;
				IPHONEOS_DEPLOYMENT_TARGET = 17.2;
				MARKETING_VERSION = 1.0;
				PRODUCT_BUNDLE_IDENTIFIER = org.cocoapods.NextToGoRacesTests;
				PRODUCT_NAME = "$(TARGET_NAME)";
				SWIFT_EMIT_LOC_STRINGS = NO;
				SWIFT_OPTIMIZATION_LEVEL = "-Onone";
				SWIFT_VERSION = 5.0;
				TARGETED_DEVICE_FAMILY = "1,2";
				TEST_HOST = "$(BUILT_PRODUCTS_DIR)/NextToGoRaces.app/$(BUNDLE_EXECUTABLE_FOLDER_PATH)/NextToGoRaces";
			};
			name = Debug;
		};
		89AF85C12C7B6C500005D6E8 /* Release */ = {
			isa = XCBuildConfiguration;
			buildSettings = {
				ALWAYS_EMBED_SWIFT_STANDARD_LIBRARIES = YES;
				BUNDLE_LOADER = "$(TEST_HOST)";
				CLANG_ENABLE_MODULES = YES;
				CODE_SIGN_STYLE = Automatic;
				CURRENT_PROJECT_VERSION = 1;
				GENERATE_INFOPLIST_FILE = YES;
				IPHONEOS_DEPLOYMENT_TARGET = 17.2;
				MARKETING_VERSION = 1.0;
				PRODUCT_BUNDLE_IDENTIFIER = org.cocoapods.NextToGoRacesTests;
				PRODUCT_NAME = "$(TARGET_NAME)";
				SWIFT_EMIT_LOC_STRINGS = NO;
				SWIFT_VERSION = 5.0;
				TARGETED_DEVICE_FAMILY = "1,2";
				TEST_HOST = "$(BUILT_PRODUCTS_DIR)/NextToGoRaces.app/$(BUNDLE_EXECUTABLE_FOLDER_PATH)/NextToGoRaces";
			};
			name = Release;
		};
		89AF85C32C7B6C500005D6E8 /* Debug */ = {
			isa = XCBuildConfiguration;
			buildSettings = {
				ALWAYS_EMBED_SWIFT_STANDARD_LIBRARIES = YES;
				CODE_SIGN_STYLE = Automatic;
				CURRENT_PROJECT_VERSION = 1;
				GENERATE_INFOPLIST_FILE = YES;
				MARKETING_VERSION = 1.0;
				PRODUCT_BUNDLE_IDENTIFIER = org.cocoapods.NextToGoRacesUITests;
				PRODUCT_NAME = "$(TARGET_NAME)";
				SWIFT_EMIT_LOC_STRINGS = NO;
				SWIFT_VERSION = 5.0;
				TARGETED_DEVICE_FAMILY = "1,2";
				TEST_TARGET_NAME = NextToGoRaces;
			};
			name = Debug;
		};
		89AF85C42C7B6C500005D6E8 /* Release */ = {
			isa = XCBuildConfiguration;
			buildSettings = {
				ALWAYS_EMBED_SWIFT_STANDARD_LIBRARIES = YES;
				CODE_SIGN_STYLE = Automatic;
				CURRENT_PROJECT_VERSION = 1;
				GENERATE_INFOPLIST_FILE = YES;
				MARKETING_VERSION = 1.0;
				PRODUCT_BUNDLE_IDENTIFIER = org.cocoapods.NextToGoRacesUITests;
				PRODUCT_NAME = "$(TARGET_NAME)";
				SWIFT_EMIT_LOC_STRINGS = NO;
				SWIFT_VERSION = 5.0;
				TARGETED_DEVICE_FAMILY = "1,2";
				TEST_TARGET_NAME = NextToGoRaces;
			};
			name = Release;
		};
/* End XCBuildConfiguration section */

/* Begin XCConfigurationList section */
		89AF858D2C7B6C4E0005D6E8 /* Build configuration list for PBXProject "NextToGoRaces" */ = {
			isa = XCConfigurationList;
			buildConfigurations = (
				89AF85BA2C7B6C500005D6E8 /* Debug */,
				89AF85BB2C7B6C500005D6E8 /* Release */,
			);
			defaultConfigurationIsVisible = 0;
			defaultConfigurationName = Release;
		};
		89AF85BC2C7B6C500005D6E8 /* Build configuration list for PBXNativeTarget "NextToGoRaces" */ = {
			isa = XCConfigurationList;
			buildConfigurations = (
				89AF85BD2C7B6C500005D6E8 /* Debug */,
				89AF85BE2C7B6C500005D6E8 /* Release */,
			);
			defaultConfigurationIsVisible = 0;
			defaultConfigurationName = Release;
		};
		89AF85BF2C7B6C500005D6E8 /* Build configuration list for PBXNativeTarget "NextToGoRacesTests" */ = {
			isa = XCConfigurationList;
			buildConfigurations = (
				89AF85C02C7B6C500005D6E8 /* Debug */,
				89AF85C12C7B6C500005D6E8 /* Release */,
			);
			defaultConfigurationIsVisible = 0;
			defaultConfigurationName = Release;
		};
		89AF85C22C7B6C500005D6E8 /* Build configuration list for PBXNativeTarget "NextToGoRacesUITests" */ = {
			isa = XCConfigurationList;
			buildConfigurations = (
				89AF85C32C7B6C500005D6E8 /* Debug */,
				89AF85C42C7B6C500005D6E8 /* Release */,
			);
			defaultConfigurationIsVisible = 0;
			defaultConfigurationName = Release;
		};
/* End XCConfigurationList section */
	};
	rootObject = 89AF858A2C7B6C4E0005D6E8 /* Project object */;
}
